// !$*UTF8*$!
{
	archiveVersion = 1;
	classes = {
	};
	objectVersion = 56;
	objects = {

/* Begin PBXBuildFile section */
		62632DAD2C1C8EEB0047F1D9 /* ProfileViewController.swift in Sources */ = {isa = PBXBuildFile; fileRef = 62632DAC2C1C8EEB0047F1D9 /* ProfileViewController.swift */; };
		62632DB02C1DFA770047F1D9 /* TabBarController.swift in Sources */ = {isa = PBXBuildFile; fileRef = 62632DAF2C1DFA770047F1D9 /* TabBarController.swift */; };
		62632DB22C1E04460047F1D9 /* NavigationBarController.swift in Sources */ = {isa = PBXBuildFile; fileRef = 62632DB12C1E04460047F1D9 /* NavigationBarController.swift */; };
		62632DB52C1E088A0047F1D9 /* SingleImageViewController.swift in Sources */ = {isa = PBXBuildFile; fileRef = 62632DB42C1E088A0047F1D9 /* SingleImageViewController.swift */; };
		62632E1A2C38B3620047F1D9 /* Constants.swift in Sources */ = {isa = PBXBuildFile; fileRef = 62632E192C38B3620047F1D9 /* Constants.swift */; };
		62632E1C2C38B4BA0047F1D9 /* AuthViewController.swift in Sources */ = {isa = PBXBuildFile; fileRef = 62632E1B2C38B4BA0047F1D9 /* AuthViewController.swift */; };
		62632E1F2C38BE3F0047F1D9 /* WebViewViewController.swift in Sources */ = {isa = PBXBuildFile; fileRef = 62632E1E2C38BE3F0047F1D9 /* WebViewViewController.swift */; };
		628906672C0CEA79001CB605 /* ImagesListCell.swift in Sources */ = {isa = PBXBuildFile; fileRef = 628906662C0CEA79001CB605 /* ImagesListCell.swift */; };
		62FCE3362C3AE757006C927C /* OAuth2Service.swift in Sources */ = {isa = PBXBuildFile; fileRef = 62FCE3352C3AE757006C927C /* OAuth2Service.swift */; };
		62FCE3392C3AEB58006C927C /* URL Session+data.swift in Sources */ = {isa = PBXBuildFile; fileRef = 62FCE3382C3AEB58006C927C /* URL Session+data.swift */; };
		62FCE33D2C3AEB9E006C927C /* OAuthTokenResponseBody.swift in Sources */ = {isa = PBXBuildFile; fileRef = 62FCE33C2C3AEB9E006C927C /* OAuthTokenResponseBody.swift */; };
		62FCE33F2C3AEBCF006C927C /* OAuth2TokenStorage.swift in Sources */ = {isa = PBXBuildFile; fileRef = 62FCE33E2C3AEBCF006C927C /* OAuth2TokenStorage.swift */; };
		62FCE3422C3AED7F006C927C /* SplashViewController.swift in Sources */ = {isa = PBXBuildFile; fileRef = 62FCE3412C3AED7F006C927C /* SplashViewController.swift */; };
		62FCE3502C405188006C927C /* UIBlockingProgressHUD.swift in Sources */ = {isa = PBXBuildFile; fileRef = 62FCE34F2C405188006C927C /* UIBlockingProgressHUD.swift */; };
		62FCE3552C405DE7006C927C /* ProfileService.swift in Sources */ = {isa = PBXBuildFile; fileRef = 62FCE3542C405DE7006C927C /* ProfileService.swift */; };
		62FCE3582C405E6C006C927C /* Profile.swift in Sources */ = {isa = PBXBuildFile; fileRef = 62FCE3572C405E6C006C927C /* Profile.swift */; };
		62FCE35A2C405F07006C927C /* ProfileResult.swift in Sources */ = {isa = PBXBuildFile; fileRef = 62FCE3592C405F07006C927C /* ProfileResult.swift */; };
		62FCE35F2C41852A006C927C /* ProfileImageService.swift in Sources */ = {isa = PBXBuildFile; fileRef = 62FCE35E2C41852A006C927C /* ProfileImageService.swift */; };
		62FCE3612C41858F006C927C /* ProfileImage.swift in Sources */ = {isa = PBXBuildFile; fileRef = 62FCE3602C41858F006C927C /* ProfileImage.swift */; };
		62FCE3642C42C8E2006C927C /* ProgressHUD in Frameworks */ = {isa = PBXBuildFile; productRef = 62FCE3632C42C8E2006C927C /* ProgressHUD */; };
		62FCE3672C442B55006C927C /* Kingfisher in Frameworks */ = {isa = PBXBuildFile; productRef = 62FCE3662C442B55006C927C /* Kingfisher */; };
		62FCE36A2C44344A006C927C /* SwiftKeychainWrapper in Frameworks */ = {isa = PBXBuildFile; productRef = 62FCE3692C44344A006C927C /* SwiftKeychainWrapper */; };
		62FD317E2C0910E30054FB0F /* AppDelegate.swift in Sources */ = {isa = PBXBuildFile; fileRef = 62FD317D2C0910E30054FB0F /* AppDelegate.swift */; };
		62FD31802C0910E30054FB0F /* SceneDelegate.swift in Sources */ = {isa = PBXBuildFile; fileRef = 62FD317F2C0910E30054FB0F /* SceneDelegate.swift */; };
		62FD31822C0910E30054FB0F /* ImagesListViewController.swift in Sources */ = {isa = PBXBuildFile; fileRef = 62FD31812C0910E30054FB0F /* ImagesListViewController.swift */; };
		62FD31852C0910E30054FB0F /* Main.storyboard in Resources */ = {isa = PBXBuildFile; fileRef = 62FD31832C0910E30054FB0F /* Main.storyboard */; };
		62FD31882C0910E30054FB0F /* Image_Feed.xcdatamodeld in Sources */ = {isa = PBXBuildFile; fileRef = 62FD31862C0910E30054FB0F /* Image_Feed.xcdatamodeld */; };
		62FD318A2C0910E40054FB0F /* Assets.xcassets in Resources */ = {isa = PBXBuildFile; fileRef = 62FD31892C0910E40054FB0F /* Assets.xcassets */; };
		62FD318D2C0910E40054FB0F /* LaunchScreen.storyboard in Resources */ = {isa = PBXBuildFile; fileRef = 62FD318B2C0910E40054FB0F /* LaunchScreen.storyboard */; };
		62FD31982C0910E40054FB0F /* Image_FeedTests.swift in Sources */ = {isa = PBXBuildFile; fileRef = 62FD31972C0910E40054FB0F /* Image_FeedTests.swift */; };
		62FD31A22C0910E40054FB0F /* Image_FeedUITests.swift in Sources */ = {isa = PBXBuildFile; fileRef = 62FD31A12C0910E40054FB0F /* Image_FeedUITests.swift */; };
		62FD31A42C0910E40054FB0F /* Image_FeedUITestsLaunchTests.swift in Sources */ = {isa = PBXBuildFile; fileRef = 62FD31A32C0910E40054FB0F /* Image_FeedUITestsLaunchTests.swift */; };
/* End PBXBuildFile section */

/* Begin PBXContainerItemProxy section */
		62FD31942C0910E40054FB0F /* PBXContainerItemProxy */ = {
			isa = PBXContainerItemProxy;
			containerPortal = 62FD31722C0910E30054FB0F /* Project object */;
			proxyType = 1;
			remoteGlobalIDString = 62FD31792C0910E30054FB0F;
			remoteInfo = Image_Feed;
		};
		62FD319E2C0910E40054FB0F /* PBXContainerItemProxy */ = {
			isa = PBXContainerItemProxy;
			containerPortal = 62FD31722C0910E30054FB0F /* Project object */;
			proxyType = 1;
			remoteGlobalIDString = 62FD31792C0910E30054FB0F;
			remoteInfo = Image_Feed;
		};
/* End PBXContainerItemProxy section */

/* Begin PBXFileReference section */
		62632DAC2C1C8EEB0047F1D9 /* ProfileViewController.swift */ = {isa = PBXFileReference; lastKnownFileType = sourcecode.swift; path = ProfileViewController.swift; sourceTree = "<group>"; };
		62632DAF2C1DFA770047F1D9 /* TabBarController.swift */ = {isa = PBXFileReference; lastKnownFileType = sourcecode.swift; path = TabBarController.swift; sourceTree = "<group>"; };
		62632DB12C1E04460047F1D9 /* NavigationBarController.swift */ = {isa = PBXFileReference; lastKnownFileType = sourcecode.swift; path = NavigationBarController.swift; sourceTree = "<group>"; };
		62632DB42C1E088A0047F1D9 /* SingleImageViewController.swift */ = {isa = PBXFileReference; lastKnownFileType = sourcecode.swift; path = SingleImageViewController.swift; sourceTree = "<group>"; };
		62632E192C38B3620047F1D9 /* Constants.swift */ = {isa = PBXFileReference; lastKnownFileType = sourcecode.swift; path = Constants.swift; sourceTree = "<group>"; };
		62632E1B2C38B4BA0047F1D9 /* AuthViewController.swift */ = {isa = PBXFileReference; lastKnownFileType = sourcecode.swift; path = AuthViewController.swift; sourceTree = "<group>"; };
		62632E1E2C38BE3F0047F1D9 /* WebViewViewController.swift */ = {isa = PBXFileReference; lastKnownFileType = sourcecode.swift; path = WebViewViewController.swift; sourceTree = "<group>"; };
		628906662C0CEA79001CB605 /* ImagesListCell.swift */ = {isa = PBXFileReference; lastKnownFileType = sourcecode.swift; path = ImagesListCell.swift; sourceTree = "<group>"; };
		62FCE3352C3AE757006C927C /* OAuth2Service.swift */ = {isa = PBXFileReference; lastKnownFileType = sourcecode.swift; path = OAuth2Service.swift; sourceTree = "<group>"; };
		62FCE3382C3AEB58006C927C /* URL Session+data.swift */ = {isa = PBXFileReference; lastKnownFileType = sourcecode.swift; path = "URL Session+data.swift"; sourceTree = "<group>"; };
		62FCE33C2C3AEB9E006C927C /* OAuthTokenResponseBody.swift */ = {isa = PBXFileReference; lastKnownFileType = sourcecode.swift; path = OAuthTokenResponseBody.swift; sourceTree = "<group>"; };
		62FCE33E2C3AEBCF006C927C /* OAuth2TokenStorage.swift */ = {isa = PBXFileReference; lastKnownFileType = sourcecode.swift; path = OAuth2TokenStorage.swift; sourceTree = "<group>"; };
		62FCE3412C3AED7F006C927C /* SplashViewController.swift */ = {isa = PBXFileReference; lastKnownFileType = sourcecode.swift; path = SplashViewController.swift; sourceTree = "<group>"; };
		62FCE34F2C405188006C927C /* UIBlockingProgressHUD.swift */ = {isa = PBXFileReference; lastKnownFileType = sourcecode.swift; path = UIBlockingProgressHUD.swift; sourceTree = "<group>"; };
		62FCE3542C405DE7006C927C /* ProfileService.swift */ = {isa = PBXFileReference; lastKnownFileType = sourcecode.swift; path = ProfileService.swift; sourceTree = "<group>"; };
		62FCE3572C405E6C006C927C /* Profile.swift */ = {isa = PBXFileReference; lastKnownFileType = sourcecode.swift; path = Profile.swift; sourceTree = "<group>"; };
		62FCE3592C405F07006C927C /* ProfileResult.swift */ = {isa = PBXFileReference; lastKnownFileType = sourcecode.swift; path = ProfileResult.swift; sourceTree = "<group>"; };
		62FCE35E2C41852A006C927C /* ProfileImageService.swift */ = {isa = PBXFileReference; lastKnownFileType = sourcecode.swift; path = ProfileImageService.swift; sourceTree = "<group>"; };
		62FCE3602C41858F006C927C /* ProfileImage.swift */ = {isa = PBXFileReference; lastKnownFileType = sourcecode.swift; path = ProfileImage.swift; sourceTree = "<group>"; };
		62FD317A2C0910E30054FB0F /* Image_Feed.app */ = {isa = PBXFileReference; explicitFileType = wrapper.application; includeInIndex = 0; path = Image_Feed.app; sourceTree = BUILT_PRODUCTS_DIR; };
		62FD317D2C0910E30054FB0F /* AppDelegate.swift */ = {isa = PBXFileReference; lastKnownFileType = sourcecode.swift; path = AppDelegate.swift; sourceTree = "<group>"; };
		62FD317F2C0910E30054FB0F /* SceneDelegate.swift */ = {isa = PBXFileReference; lastKnownFileType = sourcecode.swift; path = SceneDelegate.swift; sourceTree = "<group>"; };
		62FD31812C0910E30054FB0F /* ImagesListViewController.swift */ = {isa = PBXFileReference; lastKnownFileType = sourcecode.swift; path = ImagesListViewController.swift; sourceTree = "<group>"; };
		62FD31842C0910E30054FB0F /* Base */ = {isa = PBXFileReference; lastKnownFileType = file.storyboard; name = Base; path = Base.lproj/Main.storyboard; sourceTree = "<group>"; };
		62FD31872C0910E30054FB0F /* Image_Feed.xcdatamodel */ = {isa = PBXFileReference; lastKnownFileType = wrapper.xcdatamodel; path = Image_Feed.xcdatamodel; sourceTree = "<group>"; };
		62FD31892C0910E40054FB0F /* Assets.xcassets */ = {isa = PBXFileReference; lastKnownFileType = folder.assetcatalog; path = Assets.xcassets; sourceTree = "<group>"; };
		62FD318C2C0910E40054FB0F /* Base */ = {isa = PBXFileReference; lastKnownFileType = file.storyboard; name = Base; path = Base.lproj/LaunchScreen.storyboard; sourceTree = "<group>"; };
		62FD318E2C0910E40054FB0F /* Info.plist */ = {isa = PBXFileReference; lastKnownFileType = text.plist.xml; path = Info.plist; sourceTree = "<group>"; };
		62FD31932C0910E40054FB0F /* Image_FeedTests.xctest */ = {isa = PBXFileReference; explicitFileType = wrapper.cfbundle; includeInIndex = 0; path = Image_FeedTests.xctest; sourceTree = BUILT_PRODUCTS_DIR; };
		62FD31972C0910E40054FB0F /* Image_FeedTests.swift */ = {isa = PBXFileReference; lastKnownFileType = sourcecode.swift; path = Image_FeedTests.swift; sourceTree = "<group>"; };
		62FD319D2C0910E40054FB0F /* Image_FeedUITests.xctest */ = {isa = PBXFileReference; explicitFileType = wrapper.cfbundle; includeInIndex = 0; path = Image_FeedUITests.xctest; sourceTree = BUILT_PRODUCTS_DIR; };
		62FD31A12C0910E40054FB0F /* Image_FeedUITests.swift */ = {isa = PBXFileReference; lastKnownFileType = sourcecode.swift; path = Image_FeedUITests.swift; sourceTree = "<group>"; };
		62FD31A32C0910E40054FB0F /* Image_FeedUITestsLaunchTests.swift */ = {isa = PBXFileReference; lastKnownFileType = sourcecode.swift; path = Image_FeedUITestsLaunchTests.swift; sourceTree = "<group>"; };
/* End PBXFileReference section */

/* Begin PBXFrameworksBuildPhase section */
		62FD31772C0910E30054FB0F /* Frameworks */ = {
			isa = PBXFrameworksBuildPhase;
			buildActionMask = 2147483647;
			files = (
				62FCE3672C442B55006C927C /* Kingfisher in Frameworks */,
				62FCE3642C42C8E2006C927C /* ProgressHUD in Frameworks */,
				62FCE36A2C44344A006C927C /* SwiftKeychainWrapper in Frameworks */,
			);
			runOnlyForDeploymentPostprocessing = 0;
		};
		62FD31902C0910E40054FB0F /* Frameworks */ = {
			isa = PBXFrameworksBuildPhase;
			buildActionMask = 2147483647;
			files = (
			);
			runOnlyForDeploymentPostprocessing = 0;
		};
		62FD319A2C0910E40054FB0F /* Frameworks */ = {
			isa = PBXFrameworksBuildPhase;
			buildActionMask = 2147483647;
			files = (
			);
			runOnlyForDeploymentPostprocessing = 0;
		};
/* End PBXFrameworksBuildPhase section */

/* Begin PBXGroup section */
		62632DAE2C1DFA0C0047F1D9 /* Navigation */ = {
			isa = PBXGroup;
			children = (
				62632DB12C1E04460047F1D9 /* NavigationBarController.swift */,
				62632DAF2C1DFA770047F1D9 /* TabBarController.swift */,
			);
			path = Navigation;
			sourceTree = "<group>";
		};
		62632DB32C1E08670047F1D9 /* Single Image */ = {
			isa = PBXGroup;
			children = (
				62632DB42C1E088A0047F1D9 /* SingleImageViewController.swift */,
			);
			path = "Single Image";
			sourceTree = "<group>";
		};
		62632E182C38B3530047F1D9 /* Services */ = {
			isa = PBXGroup;
			children = (
				62632E192C38B3620047F1D9 /* Constants.swift */,
				62FCE3352C3AE757006C927C /* OAuth2Service.swift */,
				62FCE3382C3AEB58006C927C /* URL Session+data.swift */,
				62FCE34F2C405188006C927C /* UIBlockingProgressHUD.swift */,
				62FCE3542C405DE7006C927C /* ProfileService.swift */,
				62FCE35E2C41852A006C927C /* ProfileImageService.swift */,
			);
			path = Services;
			sourceTree = "<group>";
		};
		62632E1D2C38B8DA0047F1D9 /* Auth */ = {
			isa = PBXGroup;
			children = (
				62632E1B2C38B4BA0047F1D9 /* AuthViewController.swift */,
				62632E1E2C38BE3F0047F1D9 /* WebViewViewController.swift */,
			);
			path = Auth;
			sourceTree = "<group>";
		};
		628906682C0CEA98001CB605 /* ImagesList */ = {
			isa = PBXGroup;
			children = (
				628906662C0CEA79001CB605 /* ImagesListCell.swift */,
				62FD31812C0910E30054FB0F /* ImagesListViewController.swift */,
			);
			path = ImagesList;
			sourceTree = "<group>";
		};
		62FCE33B2C3AEB8B006C927C /* Models */ = {
			isa = PBXGroup;
			children = (
				62FCE33C2C3AEB9E006C927C /* OAuthTokenResponseBody.swift */,
				62FCE33E2C3AEBCF006C927C /* OAuth2TokenStorage.swift */,
				62FCE3572C405E6C006C927C /* Profile.swift */,
				62FCE3592C405F07006C927C /* ProfileResult.swift */,
				62FCE3602C41858F006C927C /* ProfileImage.swift */,
			);
			path = Models;
			sourceTree = "<group>";
		};
		62FCE3402C3AED68006C927C /* SplashViewController */ = {
			isa = PBXGroup;
			children = (
				62FCE3412C3AED7F006C927C /* SplashViewController.swift */,
			);
			path = SplashViewController;
			sourceTree = "<group>";
		};
		62FCE36B2C454CC1006C927C /* ProfileViewController */ = {
			isa = PBXGroup;
			children = (
				62632DAC2C1C8EEB0047F1D9 /* ProfileViewController.swift */,
			);
			path = ProfileViewController;
			sourceTree = "<group>";
		};
		62FD31712C0910E30054FB0F = {
			isa = PBXGroup;
			children = (
				628906682C0CEA98001CB605 /* ImagesList */,
				62632DB32C1E08670047F1D9 /* Single Image */,
				62FCE36B2C454CC1006C927C /* ProfileViewController */,
				62632DAE2C1DFA0C0047F1D9 /* Navigation */,
				62FCE3402C3AED68006C927C /* SplashViewController */,
				62FCE33B2C3AEB8B006C927C /* Models */,
				62632E1D2C38B8DA0047F1D9 /* Auth */,
				62632E182C38B3530047F1D9 /* Services */,
				62FD317C2C0910E30054FB0F /* Image_Feed */,
				62FD31962C0910E40054FB0F /* Image_FeedTests */,
				62FD31A02C0910E40054FB0F /* Image_FeedUITests */,
				62FD317B2C0910E30054FB0F /* Products */,
			);
			sourceTree = "<group>";
		};
		62FD317B2C0910E30054FB0F /* Products */ = {
			isa = PBXGroup;
			children = (
				62FD317A2C0910E30054FB0F /* Image_Feed.app */,
				62FD31932C0910E40054FB0F /* Image_FeedTests.xctest */,
				62FD319D2C0910E40054FB0F /* Image_FeedUITests.xctest */,
			);
			name = Products;
			sourceTree = "<group>";
		};
		62FD317C2C0910E30054FB0F /* Image_Feed */ = {
			isa = PBXGroup;
			children = (
				62FD317D2C0910E30054FB0F /* AppDelegate.swift */,
				62FD317F2C0910E30054FB0F /* SceneDelegate.swift */,
				62FD31832C0910E30054FB0F /* Main.storyboard */,
				62FD31892C0910E40054FB0F /* Assets.xcassets */,
				62FD318B2C0910E40054FB0F /* LaunchScreen.storyboard */,
				62FD318E2C0910E40054FB0F /* Info.plist */,
				62FD31862C0910E30054FB0F /* Image_Feed.xcdatamodeld */,
			);
			path = Image_Feed;
			sourceTree = "<group>";
		};
		62FD31962C0910E40054FB0F /* Image_FeedTests */ = {
			isa = PBXGroup;
			children = (
				62FD31972C0910E40054FB0F /* Image_FeedTests.swift */,
			);
			path = Image_FeedTests;
			sourceTree = "<group>";
		};
		62FD31A02C0910E40054FB0F /* Image_FeedUITests */ = {
			isa = PBXGroup;
			children = (
				62FD31A12C0910E40054FB0F /* Image_FeedUITests.swift */,
				62FD31A32C0910E40054FB0F /* Image_FeedUITestsLaunchTests.swift */,
			);
			path = Image_FeedUITests;
			sourceTree = "<group>";
		};
/* End PBXGroup section */

/* Begin PBXNativeTarget section */
		62FD31792C0910E30054FB0F /* Image_Feed */ = {
			isa = PBXNativeTarget;
			buildConfigurationList = 62FD31A72C0910E40054FB0F /* Build configuration list for PBXNativeTarget "Image_Feed" */;
			buildPhases = (
				62FD31762C0910E30054FB0F /* Sources */,
				62FD31772C0910E30054FB0F /* Frameworks */,
				62FD31782C0910E30054FB0F /* Resources */,
			);
			buildRules = (
			);
			dependencies = (
			);
			name = Image_Feed;
			packageProductDependencies = (
				62FCE3632C42C8E2006C927C /* ProgressHUD */,
				62FCE3662C442B55006C927C /* Kingfisher */,
				62FCE3692C44344A006C927C /* SwiftKeychainWrapper */,
			);
			productName = Image_Feed;
			productReference = 62FD317A2C0910E30054FB0F /* Image_Feed.app */;
			productType = "com.apple.product-type.application";
		};
		62FD31922C0910E40054FB0F /* Image_FeedTests */ = {
			isa = PBXNativeTarget;
			buildConfigurationList = 62FD31AA2C0910E40054FB0F /* Build configuration list for PBXNativeTarget "Image_FeedTests" */;
			buildPhases = (
				62FD318F2C0910E40054FB0F /* Sources */,
				62FD31902C0910E40054FB0F /* Frameworks */,
				62FD31912C0910E40054FB0F /* Resources */,
			);
			buildRules = (
			);
			dependencies = (
				62FD31952C0910E40054FB0F /* PBXTargetDependency */,
			);
			name = Image_FeedTests;
			productName = Image_FeedTests;
			productReference = 62FD31932C0910E40054FB0F /* Image_FeedTests.xctest */;
			productType = "com.apple.product-type.bundle.unit-test";
		};
		62FD319C2C0910E40054FB0F /* Image_FeedUITests */ = {
			isa = PBXNativeTarget;
			buildConfigurationList = 62FD31AD2C0910E40054FB0F /* Build configuration list for PBXNativeTarget "Image_FeedUITests" */;
			buildPhases = (
				62FD31992C0910E40054FB0F /* Sources */,
				62FD319A2C0910E40054FB0F /* Frameworks */,
				62FD319B2C0910E40054FB0F /* Resources */,
			);
			buildRules = (
			);
			dependencies = (
				62FD319F2C0910E40054FB0F /* PBXTargetDependency */,
			);
			name = Image_FeedUITests;
			productName = Image_FeedUITests;
			productReference = 62FD319D2C0910E40054FB0F /* Image_FeedUITests.xctest */;
			productType = "com.apple.product-type.bundle.ui-testing";
		};
/* End PBXNativeTarget section */

/* Begin PBXProject section */
		62FD31722C0910E30054FB0F /* Project object */ = {
			isa = PBXProject;
			attributes = {
				BuildIndependentTargetsInParallel = 1;
				LastSwiftUpdateCheck = 1510;
				LastUpgradeCheck = 1510;
				TargetAttributes = {
					62FD31792C0910E30054FB0F = {
						CreatedOnToolsVersion = 15.1;
					};
					62FD31922C0910E40054FB0F = {
						CreatedOnToolsVersion = 15.1;
						TestTargetID = 62FD31792C0910E30054FB0F;
					};
					62FD319C2C0910E40054FB0F = {
						CreatedOnToolsVersion = 15.1;
						TestTargetID = 62FD31792C0910E30054FB0F;
					};
				};
			};
			buildConfigurationList = 62FD31752C0910E30054FB0F /* Build configuration list for PBXProject "Image_Feed" */;
			compatibilityVersion = "Xcode 14.0";
			developmentRegion = en;
			hasScannedForEncodings = 0;
			knownRegions = (
				en,
				Base,
			);
			mainGroup = 62FD31712C0910E30054FB0F;
			packageReferences = (
				62FCE3622C42C8E2006C927C /* XCRemoteSwiftPackageReference "ProgressHUD" */,
				62FCE3652C442B55006C927C /* XCRemoteSwiftPackageReference "Kingfisher" */,
				62FCE3682C44344A006C927C /* XCRemoteSwiftPackageReference "SwiftKeychainWrapper" */,
			);
			productRefGroup = 62FD317B2C0910E30054FB0F /* Products */;
			projectDirPath = "";
			projectRoot = "";
			targets = (
				62FD31792C0910E30054FB0F /* Image_Feed */,
				62FD31922C0910E40054FB0F /* Image_FeedTests */,
				62FD319C2C0910E40054FB0F /* Image_FeedUITests */,
			);
		};
/* End PBXProject section */

/* Begin PBXResourcesBuildPhase section */
		62FD31782C0910E30054FB0F /* Resources */ = {
			isa = PBXResourcesBuildPhase;
			buildActionMask = 2147483647;
			files = (
				62FD318D2C0910E40054FB0F /* LaunchScreen.storyboard in Resources */,
				62FD318A2C0910E40054FB0F /* Assets.xcassets in Resources */,
				62FD31852C0910E30054FB0F /* Main.storyboard in Resources */,
			);
			runOnlyForDeploymentPostprocessing = 0;
		};
		62FD31912C0910E40054FB0F /* Resources */ = {
			isa = PBXResourcesBuildPhase;
			buildActionMask = 2147483647;
			files = (
			);
			runOnlyForDeploymentPostprocessing = 0;
		};
		62FD319B2C0910E40054FB0F /* Resources */ = {
			isa = PBXResourcesBuildPhase;
			buildActionMask = 2147483647;
			files = (
			);
			runOnlyForDeploymentPostprocessing = 0;
		};
/* End PBXResourcesBuildPhase section */

/* Begin PBXSourcesBuildPhase section */
		62FD31762C0910E30054FB0F /* Sources */ = {
			isa = PBXSourcesBuildPhase;
			buildActionMask = 2147483647;
			files = (
				62632E1C2C38B4BA0047F1D9 /* AuthViewController.swift in Sources */,
				62632DAD2C1C8EEB0047F1D9 /* ProfileViewController.swift in Sources */,
				62FCE3582C405E6C006C927C /* Profile.swift in Sources */,
				62FCE3362C3AE757006C927C /* OAuth2Service.swift in Sources */,
				62FCE3422C3AED7F006C927C /* SplashViewController.swift in Sources */,
				62632DB52C1E088A0047F1D9 /* SingleImageViewController.swift in Sources */,
				62632DB22C1E04460047F1D9 /* NavigationBarController.swift in Sources */,
				62FD31822C0910E30054FB0F /* ImagesListViewController.swift in Sources */,
				62FCE3612C41858F006C927C /* ProfileImage.swift in Sources */,
				62FD31882C0910E30054FB0F /* Image_Feed.xcdatamodeld in Sources */,
				62632E1A2C38B3620047F1D9 /* Constants.swift in Sources */,
				628906672C0CEA79001CB605 /* ImagesListCell.swift in Sources */,
				62FCE35F2C41852A006C927C /* ProfileImageService.swift in Sources */,
				62632DB02C1DFA770047F1D9 /* TabBarController.swift in Sources */,
				62FD317E2C0910E30054FB0F /* AppDelegate.swift in Sources */,
				62FCE35A2C405F07006C927C /* ProfileResult.swift in Sources */,
				62FCE3392C3AEB58006C927C /* URL Session+data.swift in Sources */,
				62FCE33F2C3AEBCF006C927C /* OAuth2TokenStorage.swift in Sources */,
				62FCE3552C405DE7006C927C /* ProfileService.swift in Sources */,
				62632E1F2C38BE3F0047F1D9 /* WebViewViewController.swift in Sources */,
				62FD31802C0910E30054FB0F /* SceneDelegate.swift in Sources */,
				62FCE33D2C3AEB9E006C927C /* OAuthTokenResponseBody.swift in Sources */,
				62FCE3502C405188006C927C /* UIBlockingProgressHUD.swift in Sources */,
			);
			runOnlyForDeploymentPostprocessing = 0;
		};
		62FD318F2C0910E40054FB0F /* Sources */ = {
			isa = PBXSourcesBuildPhase;
			buildActionMask = 2147483647;
			files = (
				62FD31982C0910E40054FB0F /* Image_FeedTests.swift in Sources */,
			);
			runOnlyForDeploymentPostprocessing = 0;
		};
		62FD31992C0910E40054FB0F /* Sources */ = {
			isa = PBXSourcesBuildPhase;
			buildActionMask = 2147483647;
			files = (
				62FD31A42C0910E40054FB0F /* Image_FeedUITestsLaunchTests.swift in Sources */,
				62FD31A22C0910E40054FB0F /* Image_FeedUITests.swift in Sources */,
			);
			runOnlyForDeploymentPostprocessing = 0;
		};
/* End PBXSourcesBuildPhase section */

/* Begin PBXTargetDependency section */
		62FD31952C0910E40054FB0F /* PBXTargetDependency */ = {
			isa = PBXTargetDependency;
			target = 62FD31792C0910E30054FB0F /* Image_Feed */;
			targetProxy = 62FD31942C0910E40054FB0F /* PBXContainerItemProxy */;
		};
		62FD319F2C0910E40054FB0F /* PBXTargetDependency */ = {
			isa = PBXTargetDependency;
			target = 62FD31792C0910E30054FB0F /* Image_Feed */;
			targetProxy = 62FD319E2C0910E40054FB0F /* PBXContainerItemProxy */;
		};
/* End PBXTargetDependency section */

/* Begin PBXVariantGroup section */
		62FD31832C0910E30054FB0F /* Main.storyboard */ = {
			isa = PBXVariantGroup;
			children = (
				62FD31842C0910E30054FB0F /* Base */,
			);
			name = Main.storyboard;
			sourceTree = "<group>";
		};
		62FD318B2C0910E40054FB0F /* LaunchScreen.storyboard */ = {
			isa = PBXVariantGroup;
			children = (
				62FD318C2C0910E40054FB0F /* Base */,
			);
			name = LaunchScreen.storyboard;
			sourceTree = "<group>";
		};
/* End PBXVariantGroup section */

/* Begin XCBuildConfiguration section */
		62FD31A52C0910E40054FB0F /* Debug */ = {
			isa = XCBuildConfiguration;
			buildSettings = {
				ALWAYS_SEARCH_USER_PATHS = NO;
				ASSETCATALOG_COMPILER_GENERATE_SWIFT_ASSET_SYMBOL_EXTENSIONS = YES;
				CLANG_ANALYZER_NONNULL = YES;
				CLANG_ANALYZER_NUMBER_OBJECT_CONVERSION = YES_AGGRESSIVE;
				CLANG_CXX_LANGUAGE_STANDARD = "gnu++20";
				CLANG_ENABLE_MODULES = YES;
				CLANG_ENABLE_OBJC_ARC = YES;
				CLANG_ENABLE_OBJC_WEAK = YES;
				CLANG_WARN_BLOCK_CAPTURE_AUTORELEASING = YES;
				CLANG_WARN_BOOL_CONVERSION = YES;
				CLANG_WARN_COMMA = YES;
				CLANG_WARN_CONSTANT_CONVERSION = YES;
				CLANG_WARN_DEPRECATED_OBJC_IMPLEMENTATIONS = YES;
				CLANG_WARN_DIRECT_OBJC_ISA_USAGE = YES_ERROR;
				CLANG_WARN_DOCUMENTATION_COMMENTS = YES;
				CLANG_WARN_EMPTY_BODY = YES;
				CLANG_WARN_ENUM_CONVERSION = YES;
				CLANG_WARN_INFINITE_RECURSION = YES;
				CLANG_WARN_INT_CONVERSION = YES;
				CLANG_WARN_NON_LITERAL_NULL_CONVERSION = YES;
				CLANG_WARN_OBJC_IMPLICIT_RETAIN_SELF = YES;
				CLANG_WARN_OBJC_LITERAL_CONVERSION = YES;
				CLANG_WARN_OBJC_ROOT_CLASS = YES_ERROR;
				CLANG_WARN_QUOTED_INCLUDE_IN_FRAMEWORK_HEADER = YES;
				CLANG_WARN_RANGE_LOOP_ANALYSIS = YES;
				CLANG_WARN_STRICT_PROTOTYPES = YES;
				CLANG_WARN_SUSPICIOUS_MOVE = YES;
				CLANG_WARN_UNGUARDED_AVAILABILITY = YES_AGGRESSIVE;
				CLANG_WARN_UNREACHABLE_CODE = YES;
				CLANG_WARN__DUPLICATE_METHOD_MATCH = YES;
				COPY_PHASE_STRIP = NO;
				DEBUG_INFORMATION_FORMAT = dwarf;
				ENABLE_STRICT_OBJC_MSGSEND = YES;
				ENABLE_TESTABILITY = YES;
				ENABLE_USER_SCRIPT_SANDBOXING = YES;
				GCC_C_LANGUAGE_STANDARD = gnu17;
				GCC_DYNAMIC_NO_PIC = NO;
				GCC_NO_COMMON_BLOCKS = YES;
				GCC_OPTIMIZATION_LEVEL = 0;
				GCC_PREPROCESSOR_DEFINITIONS = (
					"DEBUG=1",
					"$(inherited)",
				);
				GCC_WARN_64_TO_32_BIT_CONVERSION = YES;
				GCC_WARN_ABOUT_RETURN_TYPE = YES_ERROR;
				GCC_WARN_UNDECLARED_SELECTOR = YES;
				GCC_WARN_UNINITIALIZED_AUTOS = YES_AGGRESSIVE;
				GCC_WARN_UNUSED_FUNCTION = YES;
				GCC_WARN_UNUSED_VARIABLE = YES;
				IPHONEOS_DEPLOYMENT_TARGET = 13.0;
				LOCALIZATION_PREFERS_STRING_CATALOGS = YES;
				MTL_ENABLE_DEBUG_INFO = INCLUDE_SOURCE;
				MTL_FAST_MATH = YES;
				ONLY_ACTIVE_ARCH = YES;
				SDKROOT = iphoneos;
				SWIFT_ACTIVE_COMPILATION_CONDITIONS = "DEBUG $(inherited)";
				SWIFT_OPTIMIZATION_LEVEL = "-Onone";
			};
			name = Debug;
		};
		62FD31A62C0910E40054FB0F /* Release */ = {
			isa = XCBuildConfiguration;
			buildSettings = {
				ALWAYS_SEARCH_USER_PATHS = NO;
				ASSETCATALOG_COMPILER_GENERATE_SWIFT_ASSET_SYMBOL_EXTENSIONS = YES;
				CLANG_ANALYZER_NONNULL = YES;
				CLANG_ANALYZER_NUMBER_OBJECT_CONVERSION = YES_AGGRESSIVE;
				CLANG_CXX_LANGUAGE_STANDARD = "gnu++20";
				CLANG_ENABLE_MODULES = YES;
				CLANG_ENABLE_OBJC_ARC = YES;
				CLANG_ENABLE_OBJC_WEAK = YES;
				CLANG_WARN_BLOCK_CAPTURE_AUTORELEASING = YES;
				CLANG_WARN_BOOL_CONVERSION = YES;
				CLANG_WARN_COMMA = YES;
				CLANG_WARN_CONSTANT_CONVERSION = YES;
				CLANG_WARN_DEPRECATED_OBJC_IMPLEMENTATIONS = YES;
				CLANG_WARN_DIRECT_OBJC_ISA_USAGE = YES_ERROR;
				CLANG_WARN_DOCUMENTATION_COMMENTS = YES;
				CLANG_WARN_EMPTY_BODY = YES;
				CLANG_WARN_ENUM_CONVERSION = YES;
				CLANG_WARN_INFINITE_RECURSION = YES;
				CLANG_WARN_INT_CONVERSION = YES;
				CLANG_WARN_NON_LITERAL_NULL_CONVERSION = YES;
				CLANG_WARN_OBJC_IMPLICIT_RETAIN_SELF = YES;
				CLANG_WARN_OBJC_LITERAL_CONVERSION = YES;
				CLANG_WARN_OBJC_ROOT_CLASS = YES_ERROR;
				CLANG_WARN_QUOTED_INCLUDE_IN_FRAMEWORK_HEADER = YES;
				CLANG_WARN_RANGE_LOOP_ANALYSIS = YES;
				CLANG_WARN_STRICT_PROTOTYPES = YES;
				CLANG_WARN_SUSPICIOUS_MOVE = YES;
				CLANG_WARN_UNGUARDED_AVAILABILITY = YES_AGGRESSIVE;
				CLANG_WARN_UNREACHABLE_CODE = YES;
				CLANG_WARN__DUPLICATE_METHOD_MATCH = YES;
				COPY_PHASE_STRIP = NO;
				DEBUG_INFORMATION_FORMAT = "dwarf-with-dsym";
				ENABLE_NS_ASSERTIONS = NO;
				ENABLE_STRICT_OBJC_MSGSEND = YES;
				ENABLE_USER_SCRIPT_SANDBOXING = YES;
				GCC_C_LANGUAGE_STANDARD = gnu17;
				GCC_NO_COMMON_BLOCKS = YES;
				GCC_WARN_64_TO_32_BIT_CONVERSION = YES;
				GCC_WARN_ABOUT_RETURN_TYPE = YES_ERROR;
				GCC_WARN_UNDECLARED_SELECTOR = YES;
				GCC_WARN_UNINITIALIZED_AUTOS = YES_AGGRESSIVE;
				GCC_WARN_UNUSED_FUNCTION = YES;
				GCC_WARN_UNUSED_VARIABLE = YES;
				IPHONEOS_DEPLOYMENT_TARGET = 13.0;
				LOCALIZATION_PREFERS_STRING_CATALOGS = YES;
				MTL_ENABLE_DEBUG_INFO = NO;
				MTL_FAST_MATH = YES;
				SDKROOT = iphoneos;
				SWIFT_COMPILATION_MODE = wholemodule;
				VALIDATE_PRODUCT = YES;
			};
			name = Release;
		};
		62FD31A82C0910E40054FB0F /* Debug */ = {
			isa = XCBuildConfiguration;
			buildSettings = {
				ASSETCATALOG_COMPILER_APPICON_NAME = AppIcon;
				ASSETCATALOG_COMPILER_GLOBAL_ACCENT_COLOR_NAME = AccentColor;
				CODE_SIGN_STYLE = Automatic;
				CURRENT_PROJECT_VERSION = 1;
				DEVELOPMENT_TEAM = 737B4WA89Q;
				GENERATE_INFOPLIST_FILE = YES;
				INFOPLIST_FILE = Image_Feed/Info.plist;
				INFOPLIST_KEY_UIApplicationSupportsIndirectInputEvents = YES;
				INFOPLIST_KEY_UILaunchStoryboardName = LaunchScreen;
				INFOPLIST_KEY_UIMainStoryboardFile = Main;
				INFOPLIST_KEY_UISupportedInterfaceOrientations = UIInterfaceOrientationPortrait;
				IPHONEOS_DEPLOYMENT_TARGET = 13.0;
				LD_RUNPATH_SEARCH_PATHS = (
					"$(inherited)",
					"@executable_path/Frameworks",
				);
				MARKETING_VERSION = 1.0;
				PRODUCT_BUNDLE_IDENTIFIER = "ru.kucherenko.Image-Feed";
				PRODUCT_NAME = "$(TARGET_NAME)";
				SUPPORTED_PLATFORMS = "iphoneos iphonesimulator";
				SUPPORTS_MACCATALYST = NO;
				SUPPORTS_MAC_DESIGNED_FOR_IPHONE_IPAD = NO;
				SWIFT_EMIT_LOC_STRINGS = YES;
				SWIFT_VERSION = 5.0;
				TARGETED_DEVICE_FAMILY = 1;
			};
			name = Debug;
		};
		62FD31A92C0910E40054FB0F /* Release */ = {
			isa = XCBuildConfiguration;
			buildSettings = {
				ASSETCATALOG_COMPILER_APPICON_NAME = AppIcon;
				ASSETCATALOG_COMPILER_GLOBAL_ACCENT_COLOR_NAME = AccentColor;
				CODE_SIGN_STYLE = Automatic;
				CURRENT_PROJECT_VERSION = 1;
				DEVELOPMENT_TEAM = 737B4WA89Q;
				GENERATE_INFOPLIST_FILE = YES;
				INFOPLIST_FILE = Image_Feed/Info.plist;
				INFOPLIST_KEY_UIApplicationSupportsIndirectInputEvents = YES;
				INFOPLIST_KEY_UILaunchStoryboardName = LaunchScreen;
				INFOPLIST_KEY_UIMainStoryboardFile = Main;
				INFOPLIST_KEY_UISupportedInterfaceOrientations = UIInterfaceOrientationPortrait;
				IPHONEOS_DEPLOYMENT_TARGET = 13.0;
				LD_RUNPATH_SEARCH_PATHS = (
					"$(inherited)",
					"@executable_path/Frameworks",
				);
				MARKETING_VERSION = 1.0;
				PRODUCT_BUNDLE_IDENTIFIER = "ru.kucherenko.Image-Feed";
				PRODUCT_NAME = "$(TARGET_NAME)";
				SUPPORTED_PLATFORMS = "iphoneos iphonesimulator";
				SUPPORTS_MACCATALYST = NO;
				SUPPORTS_MAC_DESIGNED_FOR_IPHONE_IPAD = NO;
				SWIFT_EMIT_LOC_STRINGS = YES;
				SWIFT_VERSION = 5.0;
				TARGETED_DEVICE_FAMILY = 1;
			};
			name = Release;
		};
		62FD31AB2C0910E40054FB0F /* Debug */ = {
			isa = XCBuildConfiguration;
			buildSettings = {
				ALWAYS_EMBED_SWIFT_STANDARD_LIBRARIES = YES;
				BUNDLE_LOADER = "$(TEST_HOST)";
				CODE_SIGN_STYLE = Automatic;
				CURRENT_PROJECT_VERSION = 1;
				DEVELOPMENT_TEAM = 737B4WA89Q;
				GENERATE_INFOPLIST_FILE = YES;
				IPHONEOS_DEPLOYMENT_TARGET = 17.2;
				MARKETING_VERSION = 1.0;
				PRODUCT_BUNDLE_IDENTIFIER = "ru.kucherenko.Image-FeedTests";
				PRODUCT_NAME = "$(TARGET_NAME)";
				SWIFT_EMIT_LOC_STRINGS = NO;
				SWIFT_VERSION = 5.0;
				TARGETED_DEVICE_FAMILY = "1,2";
				TEST_HOST = "$(BUILT_PRODUCTS_DIR)/Image_Feed.app/$(BUNDLE_EXECUTABLE_FOLDER_PATH)/Image_Feed";
			};
			name = Debug;
		};
		62FD31AC2C0910E40054FB0F /* Release */ = {
			isa = XCBuildConfiguration;
			buildSettings = {
				ALWAYS_EMBED_SWIFT_STANDARD_LIBRARIES = YES;
				BUNDLE_LOADER = "$(TEST_HOST)";
				CODE_SIGN_STYLE = Automatic;
				CURRENT_PROJECT_VERSION = 1;
				DEVELOPMENT_TEAM = 737B4WA89Q;
				GENERATE_INFOPLIST_FILE = YES;
				IPHONEOS_DEPLOYMENT_TARGET = 17.2;
				MARKETING_VERSION = 1.0;
				PRODUCT_BUNDLE_IDENTIFIER = "ru.kucherenko.Image-FeedTests";
				PRODUCT_NAME = "$(TARGET_NAME)";
				SWIFT_EMIT_LOC_STRINGS = NO;
				SWIFT_VERSION = 5.0;
				TARGETED_DEVICE_FAMILY = "1,2";
				TEST_HOST = "$(BUILT_PRODUCTS_DIR)/Image_Feed.app/$(BUNDLE_EXECUTABLE_FOLDER_PATH)/Image_Feed";
			};
			name = Release;
		};
		62FD31AE2C0910E40054FB0F /* Debug */ = {
			isa = XCBuildConfiguration;
			buildSettings = {
				ALWAYS_EMBED_SWIFT_STANDARD_LIBRARIES = YES;
				CODE_SIGN_STYLE = Automatic;
				CURRENT_PROJECT_VERSION = 1;
				DEVELOPMENT_TEAM = 737B4WA89Q;
				GENERATE_INFOPLIST_FILE = YES;
				MARKETING_VERSION = 1.0;
				PRODUCT_BUNDLE_IDENTIFIER = "ru.kucherenko.Image-FeedUITests";
				PRODUCT_NAME = "$(TARGET_NAME)";
				SWIFT_EMIT_LOC_STRINGS = NO;
				SWIFT_VERSION = 5.0;
				TARGETED_DEVICE_FAMILY = "1,2";
				TEST_TARGET_NAME = Image_Feed;
			};
			name = Debug;
		};
		62FD31AF2C0910E40054FB0F /* Release */ = {
			isa = XCBuildConfiguration;
			buildSettings = {
				ALWAYS_EMBED_SWIFT_STANDARD_LIBRARIES = YES;
				CODE_SIGN_STYLE = Automatic;
				CURRENT_PROJECT_VERSION = 1;
				DEVELOPMENT_TEAM = 737B4WA89Q;
				GENERATE_INFOPLIST_FILE = YES;
				MARKETING_VERSION = 1.0;
				PRODUCT_BUNDLE_IDENTIFIER = "ru.kucherenko.Image-FeedUITests";
				PRODUCT_NAME = "$(TARGET_NAME)";
				SWIFT_EMIT_LOC_STRINGS = NO;
				SWIFT_VERSION = 5.0;
				TARGETED_DEVICE_FAMILY = "1,2";
				TEST_TARGET_NAME = Image_Feed;
			};
			name = Release;
		};
/* End XCBuildConfiguration section */

/* Begin XCConfigurationList section */
		62FD31752C0910E30054FB0F /* Build configuration list for PBXProject "Image_Feed" */ = {
			isa = XCConfigurationList;
			buildConfigurations = (
				62FD31A52C0910E40054FB0F /* Debug */,
				62FD31A62C0910E40054FB0F /* Release */,
			);
			defaultConfigurationIsVisible = 0;
			defaultConfigurationName = Release;
		};
		62FD31A72C0910E40054FB0F /* Build configuration list for PBXNativeTarget "Image_Feed" */ = {
			isa = XCConfigurationList;
			buildConfigurations = (
				62FD31A82C0910E40054FB0F /* Debug */,
				62FD31A92C0910E40054FB0F /* Release */,
			);
			defaultConfigurationIsVisible = 0;
			defaultConfigurationName = Release;
		};
		62FD31AA2C0910E40054FB0F /* Build configuration list for PBXNativeTarget "Image_FeedTests" */ = {
			isa = XCConfigurationList;
			buildConfigurations = (
				62FD31AB2C0910E40054FB0F /* Debug */,
				62FD31AC2C0910E40054FB0F /* Release */,
			);
			defaultConfigurationIsVisible = 0;
			defaultConfigurationName = Release;
		};
		62FD31AD2C0910E40054FB0F /* Build configuration list for PBXNativeTarget "Image_FeedUITests" */ = {
			isa = XCConfigurationList;
			buildConfigurations = (
				62FD31AE2C0910E40054FB0F /* Debug */,
				62FD31AF2C0910E40054FB0F /* Release */,
			);
			defaultConfigurationIsVisible = 0;
			defaultConfigurationName = Release;
		};
/* End XCConfigurationList section */

/* Begin XCRemoteSwiftPackageReference section */
		62FCE3622C42C8E2006C927C /* XCRemoteSwiftPackageReference "ProgressHUD" */ = {
			isa = XCRemoteSwiftPackageReference;
			repositoryURL = "https://github.com/relatedcode/ProgressHUD";
			requirement = {
				kind = upToNextMajorVersion;
				minimumVersion = 14.1.3;
			};
		};
		62FCE3652C442B55006C927C /* XCRemoteSwiftPackageReference "Kingfisher" */ = {
			isa = XCRemoteSwiftPackageReference;
			repositoryURL = "https://github.com/onevcat/Kingfisher.git";
			requirement = {
				kind = upToNextMajorVersion;
				minimumVersion = 7.12.0;
			};
		};
		62FCE3682C44344A006C927C /* XCRemoteSwiftPackageReference "SwiftKeychainWrapper" */ = {
			isa = XCRemoteSwiftPackageReference;
			repositoryURL = "https://github.com/jrendel/SwiftKeychainWrapper";
			requirement = {
				kind = upToNextMajorVersion;
				minimumVersion = 4.0.1;
			};
		};
/* End XCRemoteSwiftPackageReference section */

/* Begin XCSwiftPackageProductDependency section */
		62FCE3632C42C8E2006C927C /* ProgressHUD */ = {
			isa = XCSwiftPackageProductDependency;
			package = 62FCE3622C42C8E2006C927C /* XCRemoteSwiftPackageReference "ProgressHUD" */;
			productName = ProgressHUD;
		};
		62FCE3662C442B55006C927C /* Kingfisher */ = {
			isa = XCSwiftPackageProductDependency;
			package = 62FCE3652C442B55006C927C /* XCRemoteSwiftPackageReference "Kingfisher" */;
			productName = Kingfisher;
		};
		62FCE3692C44344A006C927C /* SwiftKeychainWrapper */ = {
			isa = XCSwiftPackageProductDependency;
			package = 62FCE3682C44344A006C927C /* XCRemoteSwiftPackageReference "SwiftKeychainWrapper" */;
			productName = SwiftKeychainWrapper;
		};
/* End XCSwiftPackageProductDependency section */

/* Begin XCVersionGroup section */
		62FD31862C0910E30054FB0F /* Image_Feed.xcdatamodeld */ = {
			isa = XCVersionGroup;
			children = (
				62FD31872C0910E30054FB0F /* Image_Feed.xcdatamodel */,
			);
			currentVersion = 62FD31872C0910E30054FB0F /* Image_Feed.xcdatamodel */;
			path = Image_Feed.xcdatamodeld;
			sourceTree = "<group>";
			versionGroupType = wrapper.xcdatamodel;
		};
/* End XCVersionGroup section */
	};
	rootObject = 62FD31722C0910E30054FB0F /* Project object */;
}
